
Microsoft Visual Studio Solution File, Format Version 12.00
# Visual Studio 15
VisualStudioVersion = 15.0.27130.2010
MinimumVisualStudioVersion = 10.0.40219.1
Project("{FAE04EC0-301F-11D3-BF4B-00C04F79EFBC}") = "BestBOQ", "BestBOQ\BestBOQ.csproj", "{EBDC28AA-185C-4F57-BBEE-45C741B6606F}"
EndProject
Global
	GlobalSection(SolutionConfigurationPlatforms) = preSolution
		Debug|Any CPU = Debug|Any CPU
		Release|Any CPU = Release|Any CPU
	EndGlobalSection
	GlobalSection(ProjectConfigurationPlatforms) = postSolution
		{EBDC28AA-185C-4F57-BBEE-45C741B6606F}.Debug|Any CPU.ActiveCfg = Debug|Any CPU
		{EBDC28AA-185C-4F57-BBEE-45C741B6606F}.Debug|Any CPU.Build.0 = Debug|Any CPU
		{EBDC28AA-185C-4F57-BBEE-45C741B6606F}.Release|Any CPU.ActiveCfg = Release|Any CPU
		{EBDC28AA-185C-4F57-BBEE-45C741B6606F}.Release|Any CPU.Build.0 = Release|Any CPU
	EndGlobalSection
	GlobalSection(SolutionProperties) = preSolution
		HideSolutionNode = FALSE
	EndGlobalSection
	GlobalSection(ExtensibilityGlobals) = postSolution
		SolutionGuid = {4C5922CB-6B4E-4E67-B6A2-3272D68C09FF}
	EndGlobalSection
EndGlobal
